
Microsoft Visual Studio Solution File, Format Version 12.00
# Visual Studio 2012
Project("{FAE04EC0-301F-11D3-BF4B-00C04F79EFBC}") = "MvcApplication1", "MvcApplication1\MvcApplication1.csproj", "{CC8F84FA-7F47-4F51-8B07-CE8E2C23330F}"
EndProject
Project("{2150E333-8FDC-42A3-9474-1A3956D46DE8}") = ".nuget", ".nuget", "{8821AA87-1A3D-4A69-911C-31C2D178595A}"
	ProjectSection(SolutionItems) = preProject
		.nuget\NuGet.Config = .nuget\NuGet.Config
		.nuget\NuGet.exe = .nuget\NuGet.exe
		.nuget\NuGet.targets = .nuget\NuGet.targets
	EndProjectSection
EndProject
Project("{FAE04EC0-301F-11D3-BF4B-00C04F79EFBC}") = "NetReturn", "NetReturn\NetReturn.csproj", "{E8251A18-6306-4BF5-AA9F-8A40A0828718}"
EndProject
Global
	GlobalSection(SolutionConfigurationPlatforms) = preSolution
		Debug|Any CPU = Debug|Any CPU
		Release|Any CPU = Release|Any CPU
	EndGlobalSection
	GlobalSection(ProjectConfigurationPlatforms) = postSolution
		{CC8F84FA-7F47-4F51-8B07-CE8E2C23330F}.Debug|Any CPU.ActiveCfg = Debug|Any CPU
		{CC8F84FA-7F47-4F51-8B07-CE8E2C23330F}.Debug|Any CPU.Build.0 = Debug|Any CPU
		{CC8F84FA-7F47-4F51-8B07-CE8E2C23330F}.Release|Any CPU.ActiveCfg = Release|Any CPU
		{CC8F84FA-7F47-4F51-8B07-CE8E2C23330F}.Release|Any CPU.Build.0 = Release|Any CPU
		{E8251A18-6306-4BF5-AA9F-8A40A0828718}.Debug|Any CPU.ActiveCfg = Debug|Any CPU
		{E8251A18-6306-4BF5-AA9F-8A40A0828718}.Debug|Any CPU.Build.0 = Debug|Any CPU
		{E8251A18-6306-4BF5-AA9F-8A40A0828718}.Release|Any CPU.ActiveCfg = Release|Any CPU
		{E8251A18-6306-4BF5-AA9F-8A40A0828718}.Release|Any CPU.Build.0 = Release|Any CPU
	EndGlobalSection
	GlobalSection(SolutionProperties) = preSolution
		HideSolutionNode = FALSE
	EndGlobalSection
EndGlobal
